
Microsoft Visual Studio Solution File, Format Version 12.00
# Visual Studio Version 17
VisualStudioVersion = 17.10.35122.118
MinimumVisualStudioVersion = 10.0.40219.1
Project("{FAE04EC0-301F-11D3-BF4B-00C04F79EFBC}") = "CountryDemo.Server", "CountryDemo.Server\CountryDemo.Server.csproj", "{A9165472-166E-4D63-9CC7-DF7F3A30A0CF}"
EndProject
Project("{54A90642-561A-4BB1-A94E-469ADEE60C69}") = "countrydemo.client", "countrydemo.client\countrydemo.client.esproj", "{9CA98D3D-696C-417F-AD8A-119C6EB243B0}"
EndProject
Global
	GlobalSection(SolutionConfigurationPlatforms) = preSolution
		Debug|Any CPU = Debug|Any CPU
		Release|Any CPU = Release|Any CPU
	EndGlobalSection
	GlobalSection(ProjectConfigurationPlatforms) = postSolution
		{A9165472-166E-4D63-9CC7-DF7F3A30A0CF}.Debug|Any CPU.ActiveCfg = Debug|Any CPU
		{A9165472-166E-4D63-9CC7-DF7F3A30A0CF}.Debug|Any CPU.Build.0 = Debug|Any CPU
		{A9165472-166E-4D63-9CC7-DF7F3A30A0CF}.Release|Any CPU.ActiveCfg = Release|Any CPU
		{A9165472-166E-4D63-9CC7-DF7F3A30A0CF}.Release|Any CPU.Build.0 = Release|Any CPU
		{9CA98D3D-696C-417F-AD8A-119C6EB243B0}.Debug|Any CPU.ActiveCfg = Debug|Any CPU
		{9CA98D3D-696C-417F-AD8A-119C6EB243B0}.Debug|Any CPU.Build.0 = Debug|Any CPU
		{9CA98D3D-696C-417F-AD8A-119C6EB243B0}.Debug|Any CPU.Deploy.0 = Debug|Any CPU
		{9CA98D3D-696C-417F-AD8A-119C6EB243B0}.Release|Any CPU.ActiveCfg = Release|Any CPU
		{9CA98D3D-696C-417F-AD8A-119C6EB243B0}.Release|Any CPU.Build.0 = Release|Any CPU
		{9CA98D3D-696C-417F-AD8A-119C6EB243B0}.Release|Any CPU.Deploy.0 = Release|Any CPU
	EndGlobalSection
	GlobalSection(SolutionProperties) = preSolution
		HideSolutionNode = FALSE
	EndGlobalSection
	GlobalSection(ExtensibilityGlobals) = postSolution
		SolutionGuid = {ADA1BE69-1E8B-4B67-8BD7-7F246D527079}
	EndGlobalSection
EndGlobal
